// !$*UTF8*$!
{
	archiveVersion = 1;
	classes = {
	};
	objectVersion = 48;
	objects = {

/* Begin PBXBuildFile section */
		18C0E6793DFDD5B321190444 /* Pods_Nursery_System.framework in Frameworks */ = {isa = PBXBuildFile; fileRef = 0D1DE7FD35F63B0B3AA582F7 /* Pods_Nursery_System.framework */; };
		9C66FB94207678220070E25F /* AccountDetailsViewController.swift in Sources */ = {isa = PBXBuildFile; fileRef = 9C66FB93207678220070E25F /* AccountDetailsViewController.swift */; };
		9C66FB9620767C9A0070E25F /* UserModel.swift in Sources */ = {isa = PBXBuildFile; fileRef = 9C66FB9520767C9A0070E25F /* UserModel.swift */; };
		9C66FB9820767CB50070E25F /* UserHomeModel.swift in Sources */ = {isa = PBXBuildFile; fileRef = 9C66FB9720767CB50070E25F /* UserHomeModel.swift */; };
		9C722F7D203F3EF100EB1805 /* TeacherLandingPageViewController.swift in Sources */ = {isa = PBXBuildFile; fileRef = 9C722F7C203F3EF100EB1805 /* TeacherLandingPageViewController.swift */; };
		9C7AD8062062B3D700623FDE /* MyChildrenViewController.swift in Sources */ = {isa = PBXBuildFile; fileRef = 9C7AD8052062B3D700623FDE /* MyChildrenViewController.swift */; };
		9C7AD80D2062C35700623FDE /* ViewChildrenModel.swift in Sources */ = {isa = PBXBuildFile; fileRef = 9C7AD80C2062C35700623FDE /* ViewChildrenModel.swift */; };
		9C8A23D3203B3259008C4D10 /* AppDelegate.swift in Sources */ = {isa = PBXBuildFile; fileRef = 9C8A23D2203B3259008C4D10 /* AppDelegate.swift */; };
		9C8A23D5203B3259008C4D10 /* ViewController.swift in Sources */ = {isa = PBXBuildFile; fileRef = 9C8A23D4203B3259008C4D10 /* ViewController.swift */; };
		9C8A23D8203B3259008C4D10 /* Main.storyboard in Resources */ = {isa = PBXBuildFile; fileRef = 9C8A23D6203B3259008C4D10 /* Main.storyboard */; };
		9C8A23DA203B3259008C4D10 /* Assets.xcassets in Resources */ = {isa = PBXBuildFile; fileRef = 9C8A23D9203B3259008C4D10 /* Assets.xcassets */; };
		9C8A23DD203B3259008C4D10 /* LaunchScreen.storyboard in Resources */ = {isa = PBXBuildFile; fileRef = 9C8A23DB203B3259008C4D10 /* LaunchScreen.storyboard */; };
		9C8A23E8203B325A008C4D10 /* Nursery_SystemTests.swift in Sources */ = {isa = PBXBuildFile; fileRef = 9C8A23E7203B325A008C4D10 /* Nursery_SystemTests.swift */; };
		9C8A23F3203B325A008C4D10 /* Nursery_SystemUITests.swift in Sources */ = {isa = PBXBuildFile; fileRef = 9C8A23F2203B325A008C4D10 /* Nursery_SystemUITests.swift */; };
		9CA199832051A2AB00E4B617 /* LiteracyViewController.swift in Sources */ = {isa = PBXBuildFile; fileRef = 9CA199822051A2AB00E4B617 /* LiteracyViewController.swift */; };
		9CB78D4F207D0503007B12B5 /* StudentsViewController.swift in Sources */ = {isa = PBXBuildFile; fileRef = 9CB78D4E207D0503007B12B5 /* StudentsViewController.swift */; };
		9CB78D51207D0586007B12B5 /* AllStudentsModel.swift in Sources */ = {isa = PBXBuildFile; fileRef = 9CB78D50207D0586007B12B5 /* AllStudentsModel.swift */; };
		9CB78D57207D10A8007B12B5 /* AgeGroupBModel.swift in Sources */ = {isa = PBXBuildFile; fileRef = 9CB78D56207D10A8007B12B5 /* AgeGroupBModel.swift */; };
		9CB78D59207D1337007B12B5 /* KeyStudentsModel.swift in Sources */ = {isa = PBXBuildFile; fileRef = 9CB78D58207D1337007B12B5 /* KeyStudentsModel.swift */; };
		9CB78D5B207D1CDB007B12B5 /* ParentTeacherMeetingViewController.swift in Sources */ = {isa = PBXBuildFile; fileRef = 9CB78D5A207D1CDB007B12B5 /* ParentTeacherMeetingViewController.swift */; };
		9CB9102F20693E6600294C9B /* ManagerLandingPageViewController.swift in Sources */ = {isa = PBXBuildFile; fileRef = 9CB9102E20693E6600294C9B /* ManagerLandingPageViewController.swift */; };
		9CB9103120693EC300294C9B /* CreateStudentViewController.swift in Sources */ = {isa = PBXBuildFile; fileRef = 9CB9103020693EC300294C9B /* CreateStudentViewController.swift */; };
		9CB9103320693ECD00294C9B /* CreateUserViewController.swift in Sources */ = {isa = PBXBuildFile; fileRef = 9CB9103220693ECD00294C9B /* CreateUserViewController.swift */; };
		9CC3AC29204EEB52003B5359 /* StudentDetailsViewController.swift in Sources */ = {isa = PBXBuildFile; fileRef = 9CC3AC28204EEB52003B5359 /* StudentDetailsViewController.swift */; };
		9CC3AC2B204EF80B003B5359 /* earlyYears.jpg in Resources */ = {isa = PBXBuildFile; fileRef = 9CC3AC2A204EF80B003B5359 /* earlyYears.jpg */; };
		9CC42103208E646100190474 /* MeetingsViewController.swift in Sources */ = {isa = PBXBuildFile; fileRef = 9CC42102208E646100190474 /* MeetingsViewController.swift */; };
		9CC42105208E719D00190474 /* Meeting.swift in Sources */ = {isa = PBXBuildFile; fileRef = 9CC42104208E719D00190474 /* Meeting.swift */; };
		9CC42108208E72D000190474 /* Parent.swift in Sources */ = {isa = PBXBuildFile; fileRef = 9CC42107208E72D000190474 /* Parent.swift */; };
		9CC4210A208E731900190474 /* User.swift in Sources */ = {isa = PBXBuildFile; fileRef = 9CC42109208E731900190474 /* User.swift */; };
		9CC4418B2060029A002E9456 /* ActivityDetailsViewController.swift in Sources */ = {isa = PBXBuildFile; fileRef = 9CC4418A2060029A002E9456 /* ActivityDetailsViewController.swift */; };
		9CC4418D20603365002E9456 /* CreateActivityViewController.swift in Sources */ = {isa = PBXBuildFile; fileRef = 9CC4418C20603365002E9456 /* CreateActivityViewController.swift */; };
		9CC646772046F641000A3548 /* AgeGroupAModel.swift in Sources */ = {isa = PBXBuildFile; fileRef = 9CC646762046F641000A3548 /* AgeGroupAModel.swift */; };
		9CC6467B2046FAD9000A3548 /* StudentsModel.swift in Sources */ = {isa = PBXBuildFile; fileRef = 9CC6467A2046FAD9000A3548 /* StudentsModel.swift */; };
		9CC6468320471A09000A3548 /* AgeGroupCModel.swift in Sources */ = {isa = PBXBuildFile; fileRef = 9CC6468220471A09000A3548 /* AgeGroupCModel.swift */; };
		9CCE281A205997C0003FBEDA /* LoadActivitiesModel.swift in Sources */ = {isa = PBXBuildFile; fileRef = 9CCE2819205997C0003FBEDA /* LoadActivitiesModel.swift */; };
		9CCE281C205997FA003FBEDA /* ActivitiesModel.swift in Sources */ = {isa = PBXBuildFile; fileRef = 9CCE281B205997FA003FBEDA /* ActivitiesModel.swift */; };
		9CD126F0207BDED900C170BE /* GoalsViewController.swift in Sources */ = {isa = PBXBuildFile; fileRef = 9CD126EF207BDED900C170BE /* GoalsViewController.swift */; };
		9CD126F3207BE3E900C170BE /* checked box.png in Resources */ = {isa = PBXBuildFile; fileRef = 9CD126F2207BE3E800C170BE /* checked box.png */; };
		9CD126F7207BE58200C170BE /* unchecked box.png in Resources */ = {isa = PBXBuildFile; fileRef = 9CD126F6207BE58200C170BE /* unchecked box.png */; };
		9CD126F9207BF04D00C170BE /* LoadGoalsModel.swift in Sources */ = {isa = PBXBuildFile; fileRef = 9CD126F8207BF04D00C170BE /* LoadGoalsModel.swift */; };
		9CD126FB207BF05700C170BE /* GoalsModel.swift in Sources */ = {isa = PBXBuildFile; fileRef = 9CD126FA207BF05700C170BE /* GoalsModel.swift */; };
		9CD3ACBB203F25EF003A21C0 /* placeholder.png in Resources */ = {isa = PBXBuildFile; fileRef = 9CD3ACBA203F25EF003A21C0 /* placeholder.png */; };
		9CD71B62207FB62100D814CE /* BookmarksViewController.swift in Sources */ = {isa = PBXBuildFile; fileRef = 9CD71B61207FB62100D814CE /* BookmarksViewController.swift */; };
		9CD71B64207FB67500D814CE /* LoadBookmarksModel.swift in Sources */ = {isa = PBXBuildFile; fileRef = 9CD71B63207FB67500D814CE /* LoadBookmarksModel.swift */; };
		9CD71B66207FC7A700D814CE /* ParentsHomepageViewController.swift in Sources */ = {isa = PBXBuildFile; fileRef = 9CD71B65207FC7A700D814CE /* ParentsHomepageViewController.swift */; };
		9CD71B68207FCBF000D814CE /* NotificationsViewController.swift in Sources */ = {isa = PBXBuildFile; fileRef = 9CD71B67207FCBF000D814CE /* NotificationsViewController.swift */; };
		9CD71B6A207FCCCA00D814CE /* LoadNotificationsModel.swift in Sources */ = {isa = PBXBuildFile; fileRef = 9CD71B69207FCCCA00D814CE /* LoadNotificationsModel.swift */; };
		9CEF4EC92056F3AD001A6C1B /* ProgressReport1ViewController.swift in Sources */ = {isa = PBXBuildFile; fileRef = 9CEF4EC82056F3AD001A6C1B /* ProgressReport1ViewController.swift */; };
		B8E61290DB2E64D7C48C2383 /* Pods_Nursery_SystemUITests.framework in Frameworks */ = {isa = PBXBuildFile; fileRef = AD75C73ED3A1145844344D1D /* Pods_Nursery_SystemUITests.framework */; };
		C239FF7DB5AAF2223BC35693 /* Pods_Nursery_SystemTests.framework in Frameworks */ = {isa = PBXBuildFile; fileRef = B4A5B899258B9708CEAB0491 /* Pods_Nursery_SystemTests.framework */; };
/* End PBXBuildFile section */

/* Begin PBXContainerItemProxy section */
		9C8A23E4203B325A008C4D10 /* PBXContainerItemProxy */ = {
			isa = PBXContainerItemProxy;
			containerPortal = 9C8A23C7203B3259008C4D10 /* Project object */;
			proxyType = 1;
			remoteGlobalIDString = 9C8A23CE203B3259008C4D10;
			remoteInfo = "Nursery System";
		};
		9C8A23EF203B325A008C4D10 /* PBXContainerItemProxy */ = {
			isa = PBXContainerItemProxy;
			containerPortal = 9C8A23C7203B3259008C4D10 /* Project object */;
			proxyType = 1;
			remoteGlobalIDString = 9C8A23CE203B3259008C4D10;
			remoteInfo = "Nursery System";
		};
/* End PBXContainerItemProxy section */

/* Begin PBXFileReference section */
		0D1DE7FD35F63B0B3AA582F7 /* Pods_Nursery_System.framework */ = {isa = PBXFileReference; explicitFileType = wrapper.framework; includeInIndex = 0; path = Pods_Nursery_System.framework; sourceTree = BUILT_PRODUCTS_DIR; };
		43A146C69A35D45273679D21 /* Pods-Nursery System.debug.xcconfig */ = {isa = PBXFileReference; includeInIndex = 1; lastKnownFileType = text.xcconfig; name = "Pods-Nursery System.debug.xcconfig"; path = "Pods/Target Support Files/Pods-Nursery System/Pods-Nursery System.debug.xcconfig"; sourceTree = "<group>"; };
		6BFF698320EED9F5B6E5C028 /* Pods-Nursery SystemTests.release.xcconfig */ = {isa = PBXFileReference; includeInIndex = 1; lastKnownFileType = text.xcconfig; name = "Pods-Nursery SystemTests.release.xcconfig"; path = "Pods/Target Support Files/Pods-Nursery SystemTests/Pods-Nursery SystemTests.release.xcconfig"; sourceTree = "<group>"; };
		72CDE4703A3C0AC4EC04935F /* Pods-Nursery SystemUITests.release.xcconfig */ = {isa = PBXFileReference; includeInIndex = 1; lastKnownFileType = text.xcconfig; name = "Pods-Nursery SystemUITests.release.xcconfig"; path = "Pods/Target Support Files/Pods-Nursery SystemUITests/Pods-Nursery SystemUITests.release.xcconfig"; sourceTree = "<group>"; };
		9C66FB93207678220070E25F /* AccountDetailsViewController.swift */ = {isa = PBXFileReference; lastKnownFileType = sourcecode.swift; path = AccountDetailsViewController.swift; sourceTree = "<group>"; };
		9C66FB9520767C9A0070E25F /* UserModel.swift */ = {isa = PBXFileReference; lastKnownFileType = sourcecode.swift; path = UserModel.swift; sourceTree = "<group>"; };
		9C66FB9720767CB50070E25F /* UserHomeModel.swift */ = {isa = PBXFileReference; lastKnownFileType = sourcecode.swift; path = UserHomeModel.swift; sourceTree = "<group>"; };
		9C722F7C203F3EF100EB1805 /* TeacherLandingPageViewController.swift */ = {isa = PBXFileReference; lastKnownFileType = sourcecode.swift; path = TeacherLandingPageViewController.swift; sourceTree = "<group>"; };
		9C7AD8052062B3D700623FDE /* MyChildrenViewController.swift */ = {isa = PBXFileReference; lastKnownFileType = sourcecode.swift; path = MyChildrenViewController.swift; sourceTree = "<group>"; };
		9C7AD80C2062C35700623FDE /* ViewChildrenModel.swift */ = {isa = PBXFileReference; lastKnownFileType = sourcecode.swift; path = ViewChildrenModel.swift; sourceTree = "<group>"; };
		9C8A23CF203B3259008C4D10 /* Nursery System.app */ = {isa = PBXFileReference; explicitFileType = wrapper.application; includeInIndex = 0; path = "Nursery System.app"; sourceTree = BUILT_PRODUCTS_DIR; };
		9C8A23D2203B3259008C4D10 /* AppDelegate.swift */ = {isa = PBXFileReference; lastKnownFileType = sourcecode.swift; path = AppDelegate.swift; sourceTree = "<group>"; };
		9C8A23D4203B3259008C4D10 /* ViewController.swift */ = {isa = PBXFileReference; lastKnownFileType = sourcecode.swift; path = ViewController.swift; sourceTree = "<group>"; };
		9C8A23D7203B3259008C4D10 /* Base */ = {isa = PBXFileReference; lastKnownFileType = file.storyboard; name = Base; path = Base.lproj/Main.storyboard; sourceTree = "<group>"; };
		9C8A23D9203B3259008C4D10 /* Assets.xcassets */ = {isa = PBXFileReference; lastKnownFileType = folder.assetcatalog; path = Assets.xcassets; sourceTree = "<group>"; };
		9C8A23DC203B3259008C4D10 /* Base */ = {isa = PBXFileReference; lastKnownFileType = file.storyboard; name = Base; path = Base.lproj/LaunchScreen.storyboard; sourceTree = "<group>"; };
		9C8A23DE203B3259008C4D10 /* Info.plist */ = {isa = PBXFileReference; lastKnownFileType = text.plist.xml; path = Info.plist; sourceTree = "<group>"; };
		9C8A23E3203B325A008C4D10 /* Nursery SystemTests.xctest */ = {isa = PBXFileReference; explicitFileType = wrapper.cfbundle; includeInIndex = 0; path = "Nursery SystemTests.xctest"; sourceTree = BUILT_PRODUCTS_DIR; };
		9C8A23E7203B325A008C4D10 /* Nursery_SystemTests.swift */ = {isa = PBXFileReference; lastKnownFileType = sourcecode.swift; path = Nursery_SystemTests.swift; sourceTree = "<group>"; };
		9C8A23E9203B325A008C4D10 /* Info.plist */ = {isa = PBXFileReference; lastKnownFileType = text.plist.xml; path = Info.plist; sourceTree = "<group>"; };
		9C8A23EE203B325A008C4D10 /* Nursery SystemUITests.xctest */ = {isa = PBXFileReference; explicitFileType = wrapper.cfbundle; includeInIndex = 0; path = "Nursery SystemUITests.xctest"; sourceTree = BUILT_PRODUCTS_DIR; };
		9C8A23F2203B325A008C4D10 /* Nursery_SystemUITests.swift */ = {isa = PBXFileReference; lastKnownFileType = sourcecode.swift; path = Nursery_SystemUITests.swift; sourceTree = "<group>"; };
		9C8A23F4203B325A008C4D10 /* Info.plist */ = {isa = PBXFileReference; lastKnownFileType = text.plist.xml; path = Info.plist; sourceTree = "<group>"; };
		9CA199822051A2AB00E4B617 /* LiteracyViewController.swift */ = {isa = PBXFileReference; lastKnownFileType = sourcecode.swift; path = LiteracyViewController.swift; sourceTree = "<group>"; };
		9CB78D4E207D0503007B12B5 /* StudentsViewController.swift */ = {isa = PBXFileReference; lastKnownFileType = sourcecode.swift; path = StudentsViewController.swift; sourceTree = "<group>"; };
		9CB78D50207D0586007B12B5 /* AllStudentsModel.swift */ = {isa = PBXFileReference; lastKnownFileType = sourcecode.swift; path = AllStudentsModel.swift; sourceTree = "<group>"; };
		9CB78D56207D10A8007B12B5 /* AgeGroupBModel.swift */ = {isa = PBXFileReference; fileEncoding = 4; lastKnownFileType = sourcecode.swift; path = AgeGroupBModel.swift; sourceTree = "<group>"; };
		9CB78D58207D1337007B12B5 /* KeyStudentsModel.swift */ = {isa = PBXFileReference; lastKnownFileType = sourcecode.swift; path = KeyStudentsModel.swift; sourceTree = "<group>"; };
		9CB78D5A207D1CDB007B12B5 /* ParentTeacherMeetingViewController.swift */ = {isa = PBXFileReference; lastKnownFileType = sourcecode.swift; path = ParentTeacherMeetingViewController.swift; sourceTree = "<group>"; };
		9CB9102E20693E6600294C9B /* ManagerLandingPageViewController.swift */ = {isa = PBXFileReference; lastKnownFileType = sourcecode.swift; path = ManagerLandingPageViewController.swift; sourceTree = "<group>"; };
		9CB9103020693EC300294C9B /* CreateStudentViewController.swift */ = {isa = PBXFileReference; lastKnownFileType = sourcecode.swift; path = CreateStudentViewController.swift; sourceTree = "<group>"; };
		9CB9103220693ECD00294C9B /* CreateUserViewController.swift */ = {isa = PBXFileReference; lastKnownFileType = sourcecode.swift; path = CreateUserViewController.swift; sourceTree = "<group>"; };
		9CC3AC28204EEB52003B5359 /* StudentDetailsViewController.swift */ = {isa = PBXFileReference; lastKnownFileType = sourcecode.swift; path = StudentDetailsViewController.swift; sourceTree = "<group>"; };
		9CC3AC2A204EF80B003B5359 /* earlyYears.jpg */ = {isa = PBXFileReference; lastKnownFileType = image.jpeg; name = earlyYears.jpg; path = ../../../../Downloads/earlyYears.jpg; sourceTree = "<group>"; };
		9CC42102208E646100190474 /* MeetingsViewController.swift */ = {isa = PBXFileReference; lastKnownFileType = sourcecode.swift; path = MeetingsViewController.swift; sourceTree = "<group>"; };
		9CC42104208E719D00190474 /* Meeting.swift */ = {isa = PBXFileReference; lastKnownFileType = sourcecode.swift; path = Meeting.swift; sourceTree = "<group>"; };
		9CC42107208E72D000190474 /* Parent.swift */ = {isa = PBXFileReference; lastKnownFileType = sourcecode.swift; path = Parent.swift; sourceTree = "<group>"; };
		9CC42109208E731900190474 /* User.swift */ = {isa = PBXFileReference; lastKnownFileType = sourcecode.swift; path = User.swift; sourceTree = "<group>"; };
		9CC4418A2060029A002E9456 /* ActivityDetailsViewController.swift */ = {isa = PBXFileReference; lastKnownFileType = sourcecode.swift; path = ActivityDetailsViewController.swift; sourceTree = "<group>"; };
		9CC4418C20603365002E9456 /* CreateActivityViewController.swift */ = {isa = PBXFileReference; lastKnownFileType = sourcecode.swift; path = CreateActivityViewController.swift; sourceTree = "<group>"; };
		9CC646762046F641000A3548 /* AgeGroupAModel.swift */ = {isa = PBXFileReference; fileEncoding = 4; lastKnownFileType = sourcecode.swift; path = AgeGroupAModel.swift; sourceTree = "<group>"; };
		9CC6467A2046FAD9000A3548 /* StudentsModel.swift */ = {isa = PBXFileReference; lastKnownFileType = sourcecode.swift; path = StudentsModel.swift; sourceTree = "<group>"; };
		9CC6468220471A09000A3548 /* AgeGroupCModel.swift */ = {isa = PBXFileReference; lastKnownFileType = sourcecode.swift; path = AgeGroupCModel.swift; sourceTree = "<group>"; };
		9CCE2819205997C0003FBEDA /* LoadActivitiesModel.swift */ = {isa = PBXFileReference; lastKnownFileType = sourcecode.swift; path = LoadActivitiesModel.swift; sourceTree = "<group>"; };
		9CCE281B205997FA003FBEDA /* ActivitiesModel.swift */ = {isa = PBXFileReference; lastKnownFileType = sourcecode.swift; path = ActivitiesModel.swift; sourceTree = "<group>"; };
		9CD126EF207BDED900C170BE /* GoalsViewController.swift */ = {isa = PBXFileReference; lastKnownFileType = sourcecode.swift; path = GoalsViewController.swift; sourceTree = "<group>"; };
		9CD126F2207BE3E800C170BE /* checked box.png */ = {isa = PBXFileReference; lastKnownFileType = image.png; name = "checked box.png"; path = "../../../../Downloads/checked box.png"; sourceTree = "<group>"; };
		9CD126F6207BE58200C170BE /* unchecked box.png */ = {isa = PBXFileReference; lastKnownFileType = image.png; name = "unchecked box.png"; path = "../../../../Downloads/unchecked box.png"; sourceTree = "<group>"; };
		9CD126F8207BF04D00C170BE /* LoadGoalsModel.swift */ = {isa = PBXFileReference; lastKnownFileType = sourcecode.swift; path = LoadGoalsModel.swift; sourceTree = "<group>"; };
		9CD126FA207BF05700C170BE /* GoalsModel.swift */ = {isa = PBXFileReference; lastKnownFileType = sourcecode.swift; path = GoalsModel.swift; sourceTree = "<group>"; };
		9CD3ACBA203F25EF003A21C0 /* placeholder.png */ = {isa = PBXFileReference; lastKnownFileType = image.png; name = placeholder.png; path = media/placeholder.png; sourceTree = SOURCE_ROOT; };
		9CD71B61207FB62100D814CE /* BookmarksViewController.swift */ = {isa = PBXFileReference; lastKnownFileType = sourcecode.swift; path = BookmarksViewController.swift; sourceTree = "<group>"; };
		9CD71B63207FB67500D814CE /* LoadBookmarksModel.swift */ = {isa = PBXFileReference; lastKnownFileType = sourcecode.swift; path = LoadBookmarksModel.swift; sourceTree = "<group>"; };
		9CD71B65207FC7A700D814CE /* ParentsHomepageViewController.swift */ = {isa = PBXFileReference; lastKnownFileType = sourcecode.swift; path = ParentsHomepageViewController.swift; sourceTree = "<group>"; };
		9CD71B67207FCBF000D814CE /* NotificationsViewController.swift */ = {isa = PBXFileReference; lastKnownFileType = sourcecode.swift; path = NotificationsViewController.swift; sourceTree = "<group>"; };
		9CD71B69207FCCCA00D814CE /* LoadNotificationsModel.swift */ = {isa = PBXFileReference; lastKnownFileType = sourcecode.swift; path = LoadNotificationsModel.swift; sourceTree = "<group>"; };
		9CEF4EC82056F3AD001A6C1B /* ProgressReport1ViewController.swift */ = {isa = PBXFileReference; lastKnownFileType = sourcecode.swift; path = ProgressReport1ViewController.swift; sourceTree = "<group>"; };
		AD75C73ED3A1145844344D1D /* Pods_Nursery_SystemUITests.framework */ = {isa = PBXFileReference; explicitFileType = wrapper.framework; includeInIndex = 0; path = Pods_Nursery_SystemUITests.framework; sourceTree = BUILT_PRODUCTS_DIR; };
		B4A5B899258B9708CEAB0491 /* Pods_Nursery_SystemTests.framework */ = {isa = PBXFileReference; explicitFileType = wrapper.framework; includeInIndex = 0; path = Pods_Nursery_SystemTests.framework; sourceTree = BUILT_PRODUCTS_DIR; };
		BB4DA789FFEA63BE64846CB0 /* Pods-Nursery SystemUITests.debug.xcconfig */ = {isa = PBXFileReference; includeInIndex = 1; lastKnownFileType = text.xcconfig; name = "Pods-Nursery SystemUITests.debug.xcconfig"; path = "Pods/Target Support Files/Pods-Nursery SystemUITests/Pods-Nursery SystemUITests.debug.xcconfig"; sourceTree = "<group>"; };
		D9C9AE1103C04E078A72D812 /* Pods-Nursery System.release.xcconfig */ = {isa = PBXFileReference; includeInIndex = 1; lastKnownFileType = text.xcconfig; name = "Pods-Nursery System.release.xcconfig"; path = "Pods/Target Support Files/Pods-Nursery System/Pods-Nursery System.release.xcconfig"; sourceTree = "<group>"; };
		E4FD10215BD9F2E7B46F7EC3 /* Pods-Nursery SystemTests.debug.xcconfig */ = {isa = PBXFileReference; includeInIndex = 1; lastKnownFileType = text.xcconfig; name = "Pods-Nursery SystemTests.debug.xcconfig"; path = "Pods/Target Support Files/Pods-Nursery SystemTests/Pods-Nursery SystemTests.debug.xcconfig"; sourceTree = "<group>"; };
/* End PBXFileReference section */

/* Begin PBXFrameworksBuildPhase section */
		9C8A23CC203B3259008C4D10 /* Frameworks */ = {
			isa = PBXFrameworksBuildPhase;
			buildActionMask = 2147483647;
			files = (
				18C0E6793DFDD5B321190444 /* Pods_Nursery_System.framework in Frameworks */,
			);
			runOnlyForDeploymentPostprocessing = 0;
		};
		9C8A23E0203B325A008C4D10 /* Frameworks */ = {
			isa = PBXFrameworksBuildPhase;
			buildActionMask = 2147483647;
			files = (
				C239FF7DB5AAF2223BC35693 /* Pods_Nursery_SystemTests.framework in Frameworks */,
			);
			runOnlyForDeploymentPostprocessing = 0;
		};
		9C8A23EB203B325A008C4D10 /* Frameworks */ = {
			isa = PBXFrameworksBuildPhase;
			buildActionMask = 2147483647;
			files = (
				B8E61290DB2E64D7C48C2383 /* Pods_Nursery_SystemUITests.framework in Frameworks */,
			);
			runOnlyForDeploymentPostprocessing = 0;
		};
/* End PBXFrameworksBuildPhase section */

/* Begin PBXGroup section */
		0FB1016C97B86990A405C5E4 /* Frameworks */ = {
			isa = PBXGroup;
			children = (
				0D1DE7FD35F63B0B3AA582F7 /* Pods_Nursery_System.framework */,
				B4A5B899258B9708CEAB0491 /* Pods_Nursery_SystemTests.framework */,
				AD75C73ED3A1145844344D1D /* Pods_Nursery_SystemUITests.framework */,
			);
			name = Frameworks;
			sourceTree = "<group>";
		};
		9C7AD8072062C01100623FDE /* Students Pages */ = {
			isa = PBXGroup;
			children = (
				9C7AD8092062C06600623FDE /* Activities Pages */,
				9CD126F1207BDEDD00C170BE /* Goals */,
				9CC3AC28204EEB52003B5359 /* StudentDetailsViewController.swift */,
				9CC6467A2046FAD9000A3548 /* StudentsModel.swift */,
				9CC646762046F641000A3548 /* AgeGroupAModel.swift */,
				9CB78D56207D10A8007B12B5 /* AgeGroupBModel.swift */,
				9CC6468220471A09000A3548 /* AgeGroupCModel.swift */,
				9CB78D50207D0586007B12B5 /* AllStudentsModel.swift */,
				9CB78D58207D1337007B12B5 /* KeyStudentsModel.swift */,
				9CB78D4E207D0503007B12B5 /* StudentsViewController.swift */,
				9CB78D5A207D1CDB007B12B5 /* ParentTeacherMeetingViewController.swift */,
			);
			path = "Students Pages";
			sourceTree = "<group>";
		};
		9C7AD8082062C03E00623FDE /* Login Page */ = {
			isa = PBXGroup;
			children = (
				9C8A23D4203B3259008C4D10 /* ViewController.swift */,
				9C66FB9520767C9A0070E25F /* UserModel.swift */,
				9C66FB9720767CB50070E25F /* UserHomeModel.swift */,
			);
			path = "Login Page";
			sourceTree = "<group>";
		};
		9C7AD8092062C06600623FDE /* Activities Pages */ = {
			isa = PBXGroup;
			children = (
				9CCE281B205997FA003FBEDA /* ActivitiesModel.swift */,
				9CCE2819205997C0003FBEDA /* LoadActivitiesModel.swift */,
				9CC4418A2060029A002E9456 /* ActivityDetailsViewController.swift */,
				9CC4418C20603365002E9456 /* CreateActivityViewController.swift */,
			);
			path = "Activities Pages";
			sourceTree = "<group>";
		};
		9C7AD80A2062C0BE00623FDE /* Teachers Pages */ = {
			isa = PBXGroup;
			children = (
				9C722F7C203F3EF100EB1805 /* TeacherLandingPageViewController.swift */,
			);
			path = "Teachers Pages";
			sourceTree = "<group>";
		};
		9C7AD80B2062C0FD00623FDE /* Parents Pages */ = {
			isa = PBXGroup;
			children = (
				9C7AD8052062B3D700623FDE /* MyChildrenViewController.swift */,
				9C7AD80C2062C35700623FDE /* ViewChildrenModel.swift */,
				9CD71B61207FB62100D814CE /* BookmarksViewController.swift */,
				9CD71B63207FB67500D814CE /* LoadBookmarksModel.swift */,
				9CD71B65207FC7A700D814CE /* ParentsHomepageViewController.swift */,
				9CD71B67207FCBF000D814CE /* NotificationsViewController.swift */,
				9CD71B69207FCCCA00D814CE /* LoadNotificationsModel.swift */,
			);
			path = "Parents Pages";
			sourceTree = "<group>";
		};
		9C8A23C6203B3259008C4D10 = {
			isa = PBXGroup;
			children = (
				9C8A23D1203B3259008C4D10 /* Nursery System */,
				9C8A23E6203B325A008C4D10 /* Nursery SystemTests */,
				9C8A23F1203B325A008C4D10 /* Nursery SystemUITests */,
				9C8A23D0203B3259008C4D10 /* Products */,
				A0B9A075FDD93B93F766FD68 /* Pods */,
				0FB1016C97B86990A405C5E4 /* Frameworks */,
			);
			sourceTree = "<group>";
		};
		9C8A23D0203B3259008C4D10 /* Products */ = {
			isa = PBXGroup;
			children = (
				9C8A23CF203B3259008C4D10 /* Nursery System.app */,
				9C8A23E3203B325A008C4D10 /* Nursery SystemTests.xctest */,
				9C8A23EE203B325A008C4D10 /* Nursery SystemUITests.xctest */,
			);
			name = Products;
			sourceTree = "<group>";
		};
		9C8A23D1203B3259008C4D10 /* Nursery System */ = {
			isa = PBXGroup;
			children = (
				9CD3ACB9203F25D5003A21C0 /* media */,
				9CC42106208E72BA00190474 /* structs */,
				9C7AD8082062C03E00623FDE /* Login Page */,
				9C7AD80B2062C0FD00623FDE /* Parents Pages */,
				9C7AD80A2062C0BE00623FDE /* Teachers Pages */,
				9C7AD8072062C01100623FDE /* Students Pages */,
				9CB9103420693ED500294C9B /* Manager Pages */,
				9C8A23D2203B3259008C4D10 /* AppDelegate.swift */,
				9C8A23D6203B3259008C4D10 /* Main.storyboard */,
				9C8A23D9203B3259008C4D10 /* Assets.xcassets */,
				9C8A23DB203B3259008C4D10 /* LaunchScreen.storyboard */,
				9C8A23DE203B3259008C4D10 /* Info.plist */,
				9CEF4EC82056F3AD001A6C1B /* ProgressReport1ViewController.swift */,
				9CA199822051A2AB00E4B617 /* LiteracyViewController.swift */,
				9C66FB93207678220070E25F /* AccountDetailsViewController.swift */,
				9CC42102208E646100190474 /* MeetingsViewController.swift */,
			);
			path = "Nursery System";
			sourceTree = "<group>";
		};
		9C8A23E6203B325A008C4D10 /* Nursery SystemTests */ = {
			isa = PBXGroup;
			children = (
				9C8A23E7203B325A008C4D10 /* Nursery_SystemTests.swift */,
				9C8A23E9203B325A008C4D10 /* Info.plist */,
			);
			path = "Nursery SystemTests";
			sourceTree = "<group>";
		};
		9C8A23F1203B325A008C4D10 /* Nursery SystemUITests */ = {
			isa = PBXGroup;
			children = (
				9C8A23F2203B325A008C4D10 /* Nursery_SystemUITests.swift */,
				9C8A23F4203B325A008C4D10 /* Info.plist */,
			);
			path = "Nursery SystemUITests";
			sourceTree = "<group>";
		};
		9CB9103420693ED500294C9B /* Manager Pages */ = {
			isa = PBXGroup;
			children = (
				9CB9102E20693E6600294C9B /* ManagerLandingPageViewController.swift */,
				9CB9103020693EC300294C9B /* CreateStudentViewController.swift */,
				9CB9103220693ECD00294C9B /* CreateUserViewController.swift */,
			);
			path = "Manager Pages";
			sourceTree = "<group>";
		};
		9CC42106208E72BA00190474 /* structs */ = {
			isa = PBXGroup;
			children = (
				9CC42104208E719D00190474 /* Meeting.swift */,
				9CC42107208E72D000190474 /* Parent.swift */,
				9CC42109208E731900190474 /* User.swift */,
			);
			path = structs;
			sourceTree = "<group>";
		};
		9CD126F1207BDEDD00C170BE /* Goals */ = {
			isa = PBXGroup;
			children = (
				9CD126EF207BDED900C170BE /* GoalsViewController.swift */,
				9CD126FA207BF05700C170BE /* GoalsModel.swift */,
				9CD126F8207BF04D00C170BE /* LoadGoalsModel.swift */,
			);
			path = Goals;
			sourceTree = "<group>";
		};
		9CD3ACB9203F25D5003A21C0 /* media */ = {
			isa = PBXGroup;
			children = (
				9CC3AC2A204EF80B003B5359 /* earlyYears.jpg */,
				9CD126F2207BE3E800C170BE /* checked box.png */,
				9CD3ACBA203F25EF003A21C0 /* placeholder.png */,
				9CD126F6207BE58200C170BE /* unchecked box.png */,
			);
			path = media;
			sourceTree = "<group>";
		};
		A0B9A075FDD93B93F766FD68 /* Pods */ = {
			isa = PBXGroup;
			children = (
				43A146C69A35D45273679D21 /* Pods-Nursery System.debug.xcconfig */,
				D9C9AE1103C04E078A72D812 /* Pods-Nursery System.release.xcconfig */,
				E4FD10215BD9F2E7B46F7EC3 /* Pods-Nursery SystemTests.debug.xcconfig */,
				6BFF698320EED9F5B6E5C028 /* Pods-Nursery SystemTests.release.xcconfig */,
				BB4DA789FFEA63BE64846CB0 /* Pods-Nursery SystemUITests.debug.xcconfig */,
				72CDE4703A3C0AC4EC04935F /* Pods-Nursery SystemUITests.release.xcconfig */,
			);
			name = Pods;
			sourceTree = "<group>";
		};
/* End PBXGroup section */

/* Begin PBXNativeTarget section */
		9C8A23CE203B3259008C4D10 /* Nursery System */ = {
			isa = PBXNativeTarget;
			buildConfigurationList = 9C8A23F7203B325A008C4D10 /* Build configuration list for PBXNativeTarget "Nursery System" */;
			buildPhases = (
				3B903B9C249F089933808E29 /* [CP] Check Pods Manifest.lock */,
				9C8A23CB203B3259008C4D10 /* Sources */,
				9C8A23CC203B3259008C4D10 /* Frameworks */,
				9C8A23CD203B3259008C4D10 /* Resources */,
				B4150D7EA587CFD02AB9EA37 /* [CP] Embed Pods Frameworks */,
				835C5BF49154305F498488CD /* [CP] Copy Pods Resources */,
			);
			buildRules = (
			);
			dependencies = (
			);
			name = "Nursery System";
			productName = "Nursery System";
			productReference = 9C8A23CF203B3259008C4D10 /* Nursery System.app */;
			productType = "com.apple.product-type.application";
		};
		9C8A23E2203B325A008C4D10 /* Nursery SystemTests */ = {
			isa = PBXNativeTarget;
			buildConfigurationList = 9C8A23FA203B325A008C4D10 /* Build configuration list for PBXNativeTarget "Nursery SystemTests" */;
			buildPhases = (
				1DD7D1B7D7CCD0829E25A150 /* [CP] Check Pods Manifest.lock */,
				9C8A23DF203B325A008C4D10 /* Sources */,
				9C8A23E0203B325A008C4D10 /* Frameworks */,
				9C8A23E1203B325A008C4D10 /* Resources */,
				89751DE05376E3B8F7EF187F /* [CP] Embed Pods Frameworks */,
				A70DF79CE58E04000C99174A /* [CP] Copy Pods Resources */,
			);
			buildRules = (
			);
			dependencies = (
				9C8A23E5203B325A008C4D10 /* PBXTargetDependency */,
			);
			name = "Nursery SystemTests";
			productName = "Nursery SystemTests";
			productReference = 9C8A23E3203B325A008C4D10 /* Nursery SystemTests.xctest */;
			productType = "com.apple.product-type.bundle.unit-test";
		};
		9C8A23ED203B325A008C4D10 /* Nursery SystemUITests */ = {
			isa = PBXNativeTarget;
			buildConfigurationList = 9C8A23FD203B325A008C4D10 /* Build configuration list for PBXNativeTarget "Nursery SystemUITests" */;
			buildPhases = (
				2C9588DBD5468E929D2782C9 /* [CP] Check Pods Manifest.lock */,
				9C8A23EA203B325A008C4D10 /* Sources */,
				9C8A23EB203B325A008C4D10 /* Frameworks */,
				9C8A23EC203B325A008C4D10 /* Resources */,
				50BA55660F97072A543C3341 /* [CP] Embed Pods Frameworks */,
				80F168A2AD7010DE053A2593 /* [CP] Copy Pods Resources */,
			);
			buildRules = (
			);
			dependencies = (
				9C8A23F0203B325A008C4D10 /* PBXTargetDependency */,
			);
			name = "Nursery SystemUITests";
			productName = "Nursery SystemUITests";
			productReference = 9C8A23EE203B325A008C4D10 /* Nursery SystemUITests.xctest */;
			productType = "com.apple.product-type.bundle.ui-testing";
		};
/* End PBXNativeTarget section */

/* Begin PBXProject section */
		9C8A23C7203B3259008C4D10 /* Project object */ = {
			isa = PBXProject;
			attributes = {
				LastSwiftUpdateCheck = 0920;
				LastUpgradeCheck = 0920;
				ORGANIZATIONNAME = "(s) Connor Smith 1";
				TargetAttributes = {
					9C8A23CE203B3259008C4D10 = {
						CreatedOnToolsVersion = 9.2;
						ProvisioningStyle = Automatic;
					};
					9C8A23E2203B325A008C4D10 = {
						CreatedOnToolsVersion = 9.2;
						ProvisioningStyle = Automatic;
						TestTargetID = 9C8A23CE203B3259008C4D10;
					};
					9C8A23ED203B325A008C4D10 = {
						CreatedOnToolsVersion = 9.2;
						ProvisioningStyle = Automatic;
						TestTargetID = 9C8A23CE203B3259008C4D10;
					};
				};
			};
			buildConfigurationList = 9C8A23CA203B3259008C4D10 /* Build configuration list for PBXProject "Nursery System" */;
			compatibilityVersion = "Xcode 8.0";
			developmentRegion = en;
			hasScannedForEncodings = 0;
			knownRegions = (
				en,
				Base,
			);
			mainGroup = 9C8A23C6203B3259008C4D10;
			productRefGroup = 9C8A23D0203B3259008C4D10 /* Products */;
			projectDirPath = "";
			projectRoot = "";
			targets = (
				9C8A23CE203B3259008C4D10 /* Nursery System */,
				9C8A23E2203B325A008C4D10 /* Nursery SystemTests */,
				9C8A23ED203B325A008C4D10 /* Nursery SystemUITests */,
			);
		};
/* End PBXProject section */

/* Begin PBXResourcesBuildPhase section */
		9C8A23CD203B3259008C4D10 /* Resources */ = {
			isa = PBXResourcesBuildPhase;
			buildActionMask = 2147483647;
			files = (
				9C8A23DD203B3259008C4D10 /* LaunchScreen.storyboard in Resources */,
				9CD3ACBB203F25EF003A21C0 /* placeholder.png in Resources */,
				9CD126F7207BE58200C170BE /* unchecked box.png in Resources */,
				9C8A23DA203B3259008C4D10 /* Assets.xcassets in Resources */,
				9C8A23D8203B3259008C4D10 /* Main.storyboard in Resources */,
				9CD126F3207BE3E900C170BE /* checked box.png in Resources */,
				9CC3AC2B204EF80B003B5359 /* earlyYears.jpg in Resources */,
			);
			runOnlyForDeploymentPostprocessing = 0;
		};
		9C8A23E1203B325A008C4D10 /* Resources */ = {
			isa = PBXResourcesBuildPhase;
			buildActionMask = 2147483647;
			files = (
			);
			runOnlyForDeploymentPostprocessing = 0;
		};
		9C8A23EC203B325A008C4D10 /* Resources */ = {
			isa = PBXResourcesBuildPhase;
			buildActionMask = 2147483647;
			files = (
			);
			runOnlyForDeploymentPostprocessing = 0;
		};
/* End PBXResourcesBuildPhase section */

/* Begin PBXShellScriptBuildPhase section */
		1DD7D1B7D7CCD0829E25A150 /* [CP] Check Pods Manifest.lock */ = {
			isa = PBXShellScriptBuildPhase;
			buildActionMask = 2147483647;
			files = (
			);
			inputPaths = (
				"${PODS_PODFILE_DIR_PATH}/Podfile.lock",
				"${PODS_ROOT}/Manifest.lock",
			);
			name = "[CP] Check Pods Manifest.lock";
			outputPaths = (
				"$(DERIVED_FILE_DIR)/Pods-Nursery SystemTests-checkManifestLockResult.txt",
			);
			runOnlyForDeploymentPostprocessing = 0;
			shellPath = /bin/sh;
			shellScript = "diff \"${PODS_PODFILE_DIR_PATH}/Podfile.lock\" \"${PODS_ROOT}/Manifest.lock\" > /dev/null\nif [ $? != 0 ] ; then\n    # print error to STDERR\n    echo \"error: The sandbox is not in sync with the Podfile.lock. Run 'pod install' or update your CocoaPods installation.\" >&2\n    exit 1\nfi\n# This output is used by Xcode 'outputs' to avoid re-running this script phase.\necho \"SUCCESS\" > \"${SCRIPT_OUTPUT_FILE_0}\"\n";
			showEnvVarsInLog = 0;
		};
		2C9588DBD5468E929D2782C9 /* [CP] Check Pods Manifest.lock */ = {
			isa = PBXShellScriptBuildPhase;
			buildActionMask = 2147483647;
			files = (
			);
			inputPaths = (
				"${PODS_PODFILE_DIR_PATH}/Podfile.lock",
				"${PODS_ROOT}/Manifest.lock",
			);
			name = "[CP] Check Pods Manifest.lock";
			outputPaths = (
				"$(DERIVED_FILE_DIR)/Pods-Nursery SystemUITests-checkManifestLockResult.txt",
			);
			runOnlyForDeploymentPostprocessing = 0;
			shellPath = /bin/sh;
			shellScript = "diff \"${PODS_PODFILE_DIR_PATH}/Podfile.lock\" \"${PODS_ROOT}/Manifest.lock\" > /dev/null\nif [ $? != 0 ] ; then\n    # print error to STDERR\n    echo \"error: The sandbox is not in sync with the Podfile.lock. Run 'pod install' or update your CocoaPods installation.\" >&2\n    exit 1\nfi\n# This output is used by Xcode 'outputs' to avoid re-running this script phase.\necho \"SUCCESS\" > \"${SCRIPT_OUTPUT_FILE_0}\"\n";
			showEnvVarsInLog = 0;
		};
		3B903B9C249F089933808E29 /* [CP] Check Pods Manifest.lock */ = {
			isa = PBXShellScriptBuildPhase;
			buildActionMask = 2147483647;
			files = (
			);
			inputPaths = (
				"${PODS_PODFILE_DIR_PATH}/Podfile.lock",
				"${PODS_ROOT}/Manifest.lock",
			);
			name = "[CP] Check Pods Manifest.lock";
			outputPaths = (
				"$(DERIVED_FILE_DIR)/Pods-Nursery System-checkManifestLockResult.txt",
			);
			runOnlyForDeploymentPostprocessing = 0;
			shellPath = /bin/sh;
			shellScript = "diff \"${PODS_PODFILE_DIR_PATH}/Podfile.lock\" \"${PODS_ROOT}/Manifest.lock\" > /dev/null\nif [ $? != 0 ] ; then\n    # print error to STDERR\n    echo \"error: The sandbox is not in sync with the Podfile.lock. Run 'pod install' or update your CocoaPods installation.\" >&2\n    exit 1\nfi\n# This output is used by Xcode 'outputs' to avoid re-running this script phase.\necho \"SUCCESS\" > \"${SCRIPT_OUTPUT_FILE_0}\"\n";
			showEnvVarsInLog = 0;
		};
		50BA55660F97072A543C3341 /* [CP] Embed Pods Frameworks */ = {
			isa = PBXShellScriptBuildPhase;
			buildActionMask = 2147483647;
			files = (
			);
			inputPaths = (
			);
			name = "[CP] Embed Pods Frameworks";
			outputPaths = (
			);
			runOnlyForDeploymentPostprocessing = 0;
			shellPath = /bin/sh;
			shellScript = "\"${SRCROOT}/Pods/Target Support Files/Pods-Nursery SystemUITests/Pods-Nursery SystemUITests-frameworks.sh\"\n";
			showEnvVarsInLog = 0;
		};
		80F168A2AD7010DE053A2593 /* [CP] Copy Pods Resources */ = {
			isa = PBXShellScriptBuildPhase;
			buildActionMask = 2147483647;
			files = (
			);
			inputPaths = (
			);
			name = "[CP] Copy Pods Resources";
			outputPaths = (
			);
			runOnlyForDeploymentPostprocessing = 0;
			shellPath = /bin/sh;
			shellScript = "\"${SRCROOT}/Pods/Target Support Files/Pods-Nursery SystemUITests/Pods-Nursery SystemUITests-resources.sh\"\n";
			showEnvVarsInLog = 0;
		};
		835C5BF49154305F498488CD /* [CP] Copy Pods Resources */ = {
			isa = PBXShellScriptBuildPhase;
			buildActionMask = 2147483647;
			files = (
			);
			inputPaths = (
			);
			name = "[CP] Copy Pods Resources";
			outputPaths = (
			);
			runOnlyForDeploymentPostprocessing = 0;
			shellPath = /bin/sh;
			shellScript = "\"${SRCROOT}/Pods/Target Support Files/Pods-Nursery System/Pods-Nursery System-resources.sh\"\n";
			showEnvVarsInLog = 0;
		};
		89751DE05376E3B8F7EF187F /* [CP] Embed Pods Frameworks */ = {
			isa = PBXShellScriptBuildPhase;
			buildActionMask = 2147483647;
			files = (
			);
			inputPaths = (
			);
			name = "[CP] Embed Pods Frameworks";
			outputPaths = (
			);
			runOnlyForDeploymentPostprocessing = 0;
			shellPath = /bin/sh;
			shellScript = "\"${SRCROOT}/Pods/Target Support Files/Pods-Nursery SystemTests/Pods-Nursery SystemTests-frameworks.sh\"\n";
			showEnvVarsInLog = 0;
		};
		A70DF79CE58E04000C99174A /* [CP] Copy Pods Resources */ = {
			isa = PBXShellScriptBuildPhase;
			buildActionMask = 2147483647;
			files = (
			);
			inputPaths = (
			);
			name = "[CP] Copy Pods Resources";
			outputPaths = (
			);
			runOnlyForDeploymentPostprocessing = 0;
			shellPath = /bin/sh;
			shellScript = "\"${SRCROOT}/Pods/Target Support Files/Pods-Nursery SystemTests/Pods-Nursery SystemTests-resources.sh\"\n";
			showEnvVarsInLog = 0;
		};
		B4150D7EA587CFD02AB9EA37 /* [CP] Embed Pods Frameworks */ = {
			isa = PBXShellScriptBuildPhase;
			buildActionMask = 2147483647;
			files = (
			);
			inputPaths = (
				"${SRCROOT}/Pods/Target Support Files/Pods-Nursery System/Pods-Nursery System-frameworks.sh",
				"${BUILT_PRODUCTS_DIR}/Alamofire/Alamofire.framework",
				"${BUILT_PRODUCTS_DIR}/DropDown/DropDown.framework",
				"${BUILT_PRODUCTS_DIR}/LBTAComponents/LBTAComponents.framework",
				"${BUILT_PRODUCTS_DIR}/NWPusher/NWPusher.framework",
			);
			name = "[CP] Embed Pods Frameworks";
			outputPaths = (
				"${TARGET_BUILD_DIR}/${FRAMEWORKS_FOLDER_PATH}/Alamofire.framework",
				"${TARGET_BUILD_DIR}/${FRAMEWORKS_FOLDER_PATH}/DropDown.framework",
				"${TARGET_BUILD_DIR}/${FRAMEWORKS_FOLDER_PATH}/LBTAComponents.framework",
				"${TARGET_BUILD_DIR}/${FRAMEWORKS_FOLDER_PATH}/NWPusher.framework",
			);
			runOnlyForDeploymentPostprocessing = 0;
			shellPath = /bin/sh;
			shellScript = "\"${SRCROOT}/Pods/Target Support Files/Pods-Nursery System/Pods-Nursery System-frameworks.sh\"\n";
			showEnvVarsInLog = 0;
		};
/* End PBXShellScriptBuildPhase section */

/* Begin PBXSourcesBuildPhase section */
		9C8A23CB203B3259008C4D10 /* Sources */ = {
			isa = PBXSourcesBuildPhase;
			buildActionMask = 2147483647;
			files = (
				9CD71B66207FC7A700D814CE /* ParentsHomepageViewController.swift in Sources */,
				9CC42105208E719D00190474 /* Meeting.swift in Sources */,
				9CD71B62207FB62100D814CE /* BookmarksViewController.swift in Sources */,
				9CC4418B2060029A002E9456 /* ActivityDetailsViewController.swift in Sources */,
				9CCE281C205997FA003FBEDA /* ActivitiesModel.swift in Sources */,
				9CD71B6A207FCCCA00D814CE /* LoadNotificationsModel.swift in Sources */,
				9CB78D4F207D0503007B12B5 /* StudentsViewController.swift in Sources */,
				9C722F7D203F3EF100EB1805 /* TeacherLandingPageViewController.swift in Sources */,
				9CC6467B2046FAD9000A3548 /* StudentsModel.swift in Sources */,
				9CB78D5B207D1CDB007B12B5 /* ParentTeacherMeetingViewController.swift in Sources */,
				9CC6468320471A09000A3548 /* AgeGroupCModel.swift in Sources */,
				9CB9102F20693E6600294C9B /* ManagerLandingPageViewController.swift in Sources */,
				9CD126FB207BF05700C170BE /* GoalsModel.swift in Sources */,
				9CA199832051A2AB00E4B617 /* LiteracyViewController.swift in Sources */,
				9CC4418D20603365002E9456 /* CreateActivityViewController.swift in Sources */,
				9C7AD8062062B3D700623FDE /* MyChildrenViewController.swift in Sources */,
				9CC646772046F641000A3548 /* AgeGroupAModel.swift in Sources */,
				9CB78D57207D10A8007B12B5 /* AgeGroupBModel.swift in Sources */,
				9CC4210A208E731900190474 /* User.swift in Sources */,
				9CD71B64207FB67500D814CE /* LoadBookmarksModel.swift in Sources */,
				9CB78D59207D1337007B12B5 /* KeyStudentsModel.swift in Sources */,
				9C66FB9620767C9A0070E25F /* UserModel.swift in Sources */,
				9C8A23D5203B3259008C4D10 /* ViewController.swift in Sources */,
				9C7AD80D2062C35700623FDE /* ViewChildrenModel.swift in Sources */,
				9C66FB9820767CB50070E25F /* UserHomeModel.swift in Sources */,
				9CEF4EC92056F3AD001A6C1B /* ProgressReport1ViewController.swift in Sources */,
				9CC42103208E646100190474 /* MeetingsViewController.swift in Sources */,
				9CB9103120693EC300294C9B /* CreateStudentViewController.swift in Sources */,
				9CC3AC29204EEB52003B5359 /* StudentDetailsViewController.swift in Sources */,
				9CCE281A205997C0003FBEDA /* LoadActivitiesModel.swift in Sources */,
				9C66FB94207678220070E25F /* AccountDetailsViewController.swift in Sources */,
				9CB9103320693ECD00294C9B /* CreateUserViewController.swift in Sources */,
				9CD126F0207BDED900C170BE /* GoalsViewController.swift in Sources */,
				9C8A23D3203B3259008C4D10 /* AppDelegate.swift in Sources */,
				9CD71B68207FCBF000D814CE /* NotificationsViewController.swift in Sources */,
				9CC42108208E72D000190474 /* Parent.swift in Sources */,
				9CB78D51207D0586007B12B5 /* AllStudentsModel.swift in Sources */,
				9CD126F9207BF04D00C170BE /* LoadGoalsModel.swift in Sources */,
			);
			runOnlyForDeploymentPostprocessing = 0;
		};
		9C8A23DF203B325A008C4D10 /* Sources */ = {
			isa = PBXSourcesBuildPhase;
			buildActionMask = 2147483647;
			files = (
				9C8A23E8203B325A008C4D10 /* Nursery_SystemTests.swift in Sources */,
			);
			runOnlyForDeploymentPostprocessing = 0;
		};
		9C8A23EA203B325A008C4D10 /* Sources */ = {
			isa = PBXSourcesBuildPhase;
			buildActionMask = 2147483647;
			files = (
				9C8A23F3203B325A008C4D10 /* Nursery_SystemUITests.swift in Sources */,
			);
			runOnlyForDeploymentPostprocessing = 0;
		};
/* End PBXSourcesBuildPhase section */

/* Begin PBXTargetDependency section */
		9C8A23E5203B325A008C4D10 /* PBXTargetDependency */ = {
			isa = PBXTargetDependency;
			target = 9C8A23CE203B3259008C4D10 /* Nursery System */;
			targetProxy = 9C8A23E4203B325A008C4D10 /* PBXContainerItemProxy */;
		};
		9C8A23F0203B325A008C4D10 /* PBXTargetDependency */ = {
			isa = PBXTargetDependency;
			target = 9C8A23CE203B3259008C4D10 /* Nursery System */;
			targetProxy = 9C8A23EF203B325A008C4D10 /* PBXContainerItemProxy */;
		};
/* End PBXTargetDependency section */

/* Begin PBXVariantGroup section */
		9C8A23D6203B3259008C4D10 /* Main.storyboard */ = {
			isa = PBXVariantGroup;
			children = (
				9C8A23D7203B3259008C4D10 /* Base */,
			);
			name = Main.storyboard;
			sourceTree = "<group>";
		};
		9C8A23DB203B3259008C4D10 /* LaunchScreen.storyboard */ = {
			isa = PBXVariantGroup;
			children = (
				9C8A23DC203B3259008C4D10 /* Base */,
			);
			name = LaunchScreen.storyboard;
			sourceTree = "<group>";
		};
/* End PBXVariantGroup section */

/* Begin XCBuildConfiguration section */
		9C8A23F5203B325A008C4D10 /* Debug */ = {
			isa = XCBuildConfiguration;
			buildSettings = {
				ALWAYS_SEARCH_USER_PATHS = NO;
				CLANG_ANALYZER_NONNULL = YES;
				CLANG_ANALYZER_NUMBER_OBJECT_CONVERSION = YES_AGGRESSIVE;
				CLANG_CXX_LANGUAGE_STANDARD = "gnu++14";
				CLANG_CXX_LIBRARY = "libc++";
				CLANG_ENABLE_MODULES = YES;
				CLANG_ENABLE_OBJC_ARC = YES;
				CLANG_WARN_BLOCK_CAPTURE_AUTORELEASING = YES;
				CLANG_WARN_BOOL_CONVERSION = YES;
				CLANG_WARN_COMMA = YES;
				CLANG_WARN_CONSTANT_CONVERSION = YES;
				CLANG_WARN_DIRECT_OBJC_ISA_USAGE = YES_ERROR;
				CLANG_WARN_DOCUMENTATION_COMMENTS = YES;
				CLANG_WARN_EMPTY_BODY = YES;
				CLANG_WARN_ENUM_CONVERSION = YES;
				CLANG_WARN_INFINITE_RECURSION = YES;
				CLANG_WARN_INT_CONVERSION = YES;
				CLANG_WARN_NON_LITERAL_NULL_CONVERSION = YES;
				CLANG_WARN_OBJC_LITERAL_CONVERSION = YES;
				CLANG_WARN_OBJC_ROOT_CLASS = YES_ERROR;
				CLANG_WARN_RANGE_LOOP_ANALYSIS = YES;
				CLANG_WARN_STRICT_PROTOTYPES = YES;
				CLANG_WARN_SUSPICIOUS_MOVE = YES;
				CLANG_WARN_UNGUARDED_AVAILABILITY = YES_AGGRESSIVE;
				CLANG_WARN_UNREACHABLE_CODE = YES;
				CLANG_WARN__DUPLICATE_METHOD_MATCH = YES;
				CODE_SIGN_IDENTITY = "iPhone Developer";
				COPY_PHASE_STRIP = NO;
				DEBUG_INFORMATION_FORMAT = dwarf;
				ENABLE_STRICT_OBJC_MSGSEND = YES;
				ENABLE_TESTABILITY = YES;
				GCC_C_LANGUAGE_STANDARD = gnu11;
				GCC_DYNAMIC_NO_PIC = NO;
				GCC_NO_COMMON_BLOCKS = YES;
				GCC_OPTIMIZATION_LEVEL = 0;
				GCC_PREPROCESSOR_DEFINITIONS = (
					"DEBUG=1",
					"$(inherited)",
				);
				GCC_WARN_64_TO_32_BIT_CONVERSION = YES;
				GCC_WARN_ABOUT_RETURN_TYPE = YES_ERROR;
				GCC_WARN_UNDECLARED_SELECTOR = YES;
				GCC_WARN_UNINITIALIZED_AUTOS = YES_AGGRESSIVE;
				GCC_WARN_UNUSED_FUNCTION = YES;
				GCC_WARN_UNUSED_VARIABLE = YES;
				IPHONEOS_DEPLOYMENT_TARGET = 11.2;
				MTL_ENABLE_DEBUG_INFO = YES;
				ONLY_ACTIVE_ARCH = YES;
				SDKROOT = iphoneos;
				SWIFT_ACTIVE_COMPILATION_CONDITIONS = DEBUG;
				SWIFT_OPTIMIZATION_LEVEL = "-Onone";
			};
			name = Debug;
		};
		9C8A23F6203B325A008C4D10 /* Release */ = {
			isa = XCBuildConfiguration;
			buildSettings = {
				ALWAYS_SEARCH_USER_PATHS = NO;
				CLANG_ANALYZER_NONNULL = YES;
				CLANG_ANALYZER_NUMBER_OBJECT_CONVERSION = YES_AGGRESSIVE;
				CLANG_CXX_LANGUAGE_STANDARD = "gnu++14";
				CLANG_CXX_LIBRARY = "libc++";
				CLANG_ENABLE_MODULES = YES;
				CLANG_ENABLE_OBJC_ARC = YES;
				CLANG_WARN_BLOCK_CAPTURE_AUTORELEASING = YES;
				CLANG_WARN_BOOL_CONVERSION = YES;
				CLANG_WARN_COMMA = YES;
				CLANG_WARN_CONSTANT_CONVERSION = YES;
				CLANG_WARN_DIRECT_OBJC_ISA_USAGE = YES_ERROR;
				CLANG_WARN_DOCUMENTATION_COMMENTS = YES;
				CLANG_WARN_EMPTY_BODY = YES;
				CLANG_WARN_ENUM_CONVERSION = YES;
				CLANG_WARN_INFINITE_RECURSION = YES;
				CLANG_WARN_INT_CONVERSION = YES;
				CLANG_WARN_NON_LITERAL_NULL_CONVERSION = YES;
				CLANG_WARN_OBJC_LITERAL_CONVERSION = YES;
				CLANG_WARN_OBJC_ROOT_CLASS = YES_ERROR;
				CLANG_WARN_RANGE_LOOP_ANALYSIS = YES;
				CLANG_WARN_STRICT_PROTOTYPES = YES;
				CLANG_WARN_SUSPICIOUS_MOVE = YES;
				CLANG_WARN_UNGUARDED_AVAILABILITY = YES_AGGRESSIVE;
				CLANG_WARN_UNREACHABLE_CODE = YES;
				CLANG_WARN__DUPLICATE_METHOD_MATCH = YES;
				CODE_SIGN_IDENTITY = "iPhone Developer";
				COPY_PHASE_STRIP = NO;
				DEBUG_INFORMATION_FORMAT = "dwarf-with-dsym";
				ENABLE_NS_ASSERTIONS = NO;
				ENABLE_STRICT_OBJC_MSGSEND = YES;
				GCC_C_LANGUAGE_STANDARD = gnu11;
				GCC_NO_COMMON_BLOCKS = YES;
				GCC_WARN_64_TO_32_BIT_CONVERSION = YES;
				GCC_WARN_ABOUT_RETURN_TYPE = YES_ERROR;
				GCC_WARN_UNDECLARED_SELECTOR = YES;
				GCC_WARN_UNINITIALIZED_AUTOS = YES_AGGRESSIVE;
				GCC_WARN_UNUSED_FUNCTION = YES;
				GCC_WARN_UNUSED_VARIABLE = YES;
				IPHONEOS_DEPLOYMENT_TARGET = 11.2;
				MTL_ENABLE_DEBUG_INFO = NO;
				SDKROOT = iphoneos;
				SWIFT_OPTIMIZATION_LEVEL = "-Owholemodule";
				VALIDATE_PRODUCT = YES;
			};
			name = Release;
		};
		9C8A23F8203B325A008C4D10 /* Debug */ = {
			isa = XCBuildConfiguration;
			baseConfigurationReference = 43A146C69A35D45273679D21 /* Pods-Nursery System.debug.xcconfig */;
			buildSettings = {
				ASSETCATALOG_COMPILER_APPICON_NAME = AppIcon;
				CODE_SIGN_STYLE = Automatic;
				DEVELOPMENT_TEAM = 854UTXXJZR;
				INFOPLIST_FILE = "Nursery System/Info.plist";
				LD_RUNPATH_SEARCH_PATHS = "$(inherited) @executable_path/Frameworks";
				PRODUCT_BUNDLE_IDENTIFIER = "plymouth.ac.uk.Nursery-System";
				PRODUCT_NAME = "$(TARGET_NAME)";
				SWIFT_VERSION = 4.0;
				TARGETED_DEVICE_FAMILY = "1,2";
			};
			name = Debug;
		};
		9C8A23F9203B325A008C4D10 /* Release */ = {
			isa = XCBuildConfiguration;
			baseConfigurationReference = D9C9AE1103C04E078A72D812 /* Pods-Nursery System.release.xcconfig */;
			buildSettings = {
				ASSETCATALOG_COMPILER_APPICON_NAME = AppIcon;
				CODE_SIGN_STYLE = Automatic;
				DEVELOPMENT_TEAM = 854UTXXJZR;
				INFOPLIST_FILE = "Nursery System/Info.plist";
				LD_RUNPATH_SEARCH_PATHS = "$(inherited) @executable_path/Frameworks";
				PRODUCT_BUNDLE_IDENTIFIER = "plymouth.ac.uk.Nursery-System";
				PRODUCT_NAME = "$(TARGET_NAME)";
				SWIFT_VERSION = 4.0;
				TARGETED_DEVICE_FAMILY = "1,2";
			};
			name = Release;
		};
		9C8A23FB203B325A008C4D10 /* Debug */ = {
			isa = XCBuildConfiguration;
			baseConfigurationReference = E4FD10215BD9F2E7B46F7EC3 /* Pods-Nursery SystemTests.debug.xcconfig */;
			buildSettings = {
				ALWAYS_EMBED_SWIFT_STANDARD_LIBRARIES = YES;
				BUNDLE_LOADER = "$(TEST_HOST)";
				CODE_SIGN_STYLE = Automatic;
				INFOPLIST_FILE = "Nursery SystemTests/Info.plist";
				LD_RUNPATH_SEARCH_PATHS = "$(inherited) @executable_path/Frameworks @loader_path/Frameworks";
				PRODUCT_BUNDLE_IDENTIFIER = "plymouth.ac.uk.Nursery-SystemTests";
				PRODUCT_NAME = "$(TARGET_NAME)";
				SWIFT_VERSION = 4.0;
				TARGETED_DEVICE_FAMILY = "1,2";
				TEST_HOST = "$(BUILT_PRODUCTS_DIR)/Nursery System.app/Nursery System";
			};
			name = Debug;
		};
		9C8A23FC203B325A008C4D10 /* Release */ = {
			isa = XCBuildConfiguration;
			baseConfigurationReference = 6BFF698320EED9F5B6E5C028 /* Pods-Nursery SystemTests.release.xcconfig */;
			buildSettings = {
				ALWAYS_EMBED_SWIFT_STANDARD_LIBRARIES = YES;
				BUNDLE_LOADER = "$(TEST_HOST)";
				CODE_SIGN_STYLE = Automatic;
				INFOPLIST_FILE = "Nursery SystemTests/Info.plist";
				LD_RUNPATH_SEARCH_PATHS = "$(inherited) @executable_path/Frameworks @loader_path/Frameworks";
				PRODUCT_BUNDLE_IDENTIFIER = "plymouth.ac.uk.Nursery-SystemTests";
				PRODUCT_NAME = "$(TARGET_NAME)";
				SWIFT_VERSION = 4.0;
				TARGETED_DEVICE_FAMILY = "1,2";
				TEST_HOST = "$(BUILT_PRODUCTS_DIR)/Nursery System.app/Nursery System";
			};
			name = Release;
		};
		9C8A23FE203B325A008C4D10 /* Debug */ = {
			isa = XCBuildConfiguration;
			baseConfigurationReference = BB4DA789FFEA63BE64846CB0 /* Pods-Nursery SystemUITests.debug.xcconfig */;
			buildSettings = {
				ALWAYS_EMBED_SWIFT_STANDARD_LIBRARIES = YES;
				CODE_SIGN_STYLE = Automatic;
				INFOPLIST_FILE = "Nursery SystemUITests/Info.plist";
				LD_RUNPATH_SEARCH_PATHS = "$(inherited) @executable_path/Frameworks @loader_path/Frameworks";
				PRODUCT_BUNDLE_IDENTIFIER = "plymouth.ac.uk.Nursery-SystemUITests";
				PRODUCT_NAME = "$(TARGET_NAME)";
				SWIFT_VERSION = 4.0;
				TARGETED_DEVICE_FAMILY = "1,2";
				TEST_TARGET_NAME = "Nursery System";
			};
			name = Debug;
		};
		9C8A23FF203B325A008C4D10 /* Release */ = {
			isa = XCBuildConfiguration;
			baseConfigurationReference = 72CDE4703A3C0AC4EC04935F /* Pods-Nursery SystemUITests.release.xcconfig */;
			buildSettings = {
				ALWAYS_EMBED_SWIFT_STANDARD_LIBRARIES = YES;
				CODE_SIGN_STYLE = Automatic;
				INFOPLIST_FILE = "Nursery SystemUITests/Info.plist";
				LD_RUNPATH_SEARCH_PATHS = "$(inherited) @executable_path/Frameworks @loader_path/Frameworks";
				PRODUCT_BUNDLE_IDENTIFIER = "plymouth.ac.uk.Nursery-SystemUITests";
				PRODUCT_NAME = "$(TARGET_NAME)";
				SWIFT_VERSION = 4.0;
				TARGETED_DEVICE_FAMILY = "1,2";
				TEST_TARGET_NAME = "Nursery System";
			};
			name = Release;
		};
/* End XCBuildConfiguration section */

/* Begin XCConfigurationList section */
		9C8A23CA203B3259008C4D10 /* Build configuration list for PBXProject "Nursery System" */ = {
			isa = XCConfigurationList;
			buildConfigurations = (
				9C8A23F5203B325A008C4D10 /* Debug */,
				9C8A23F6203B325A008C4D10 /* Release */,
			);
			defaultConfigurationIsVisible = 0;
			defaultConfigurationName = Release;
		};
		9C8A23F7203B325A008C4D10 /* Build configuration list for PBXNativeTarget "Nursery System" */ = {
			isa = XCConfigurationList;
			buildConfigurations = (
				9C8A23F8203B325A008C4D10 /* Debug */,
				9C8A23F9203B325A008C4D10 /* Release */,
			);
			defaultConfigurationIsVisible = 0;
			defaultConfigurationName = Release;
		};
		9C8A23FA203B325A008C4D10 /* Build configuration list for PBXNativeTarget "Nursery SystemTests" */ = {
			isa = XCConfigurationList;
			buildConfigurations = (
				9C8A23FB203B325A008C4D10 /* Debug */,
				9C8A23FC203B325A008C4D10 /* Release */,
			);
			defaultConfigurationIsVisible = 0;
			defaultConfigurationName = Release;
		};
		9C8A23FD203B325A008C4D10 /* Build configuration list for PBXNativeTarget "Nursery SystemUITests" */ = {
			isa = XCConfigurationList;
			buildConfigurations = (
				9C8A23FE203B325A008C4D10 /* Debug */,
				9C8A23FF203B325A008C4D10 /* Release */,
			);
			defaultConfigurationIsVisible = 0;
			defaultConfigurationName = Release;
		};
/* End XCConfigurationList section */
	};
	rootObject = 9C8A23C7203B3259008C4D10 /* Project object */;
}
